
Microsoft Visual Studio Solution File, Format Version 12.00
# Visual Studio Version 16
VisualStudioVersion = 16.0.32802.440
MinimumVisualStudioVersion = 10.0.40219.1
Project("{FAE04EC0-301F-11D3-BF4B-00C04F79EFBC}") = "0221hw", "0221hw\0221hw.csproj", "{7478C2B4-8256-4858-B21F-BBE1CDF63502}"
EndProject
Global
	GlobalSection(SolutionConfigurationPlatforms) = preSolution
		Debug|Any CPU = Debug|Any CPU
		Release|Any CPU = Release|Any CPU
	EndGlobalSection
	GlobalSection(ProjectConfigurationPlatforms) = postSolution
		{7478C2B4-8256-4858-B21F-BBE1CDF63502}.Debug|Any CPU.ActiveCfg = Debug|Any CPU
		{7478C2B4-8256-4858-B21F-BBE1CDF63502}.Debug|Any CPU.Build.0 = Debug|Any CPU
		{7478C2B4-8256-4858-B21F-BBE1CDF63502}.Release|Any CPU.ActiveCfg = Release|Any CPU
		{7478C2B4-8256-4858-B21F-BBE1CDF63502}.Release|Any CPU.Build.0 = Release|Any CPU
	EndGlobalSection
	GlobalSection(SolutionProperties) = preSolution
		HideSolutionNode = FALSE
	EndGlobalSection
	GlobalSection(ExtensibilityGlobals) = postSolution
		SolutionGuid = {88309D8E-94E4-473D-8C40-8458B2F60F3E}
	EndGlobalSection
EndGlobal
